Microsoft Visual Studio Solution File, Format Version 11.00
# Visual Studio 2008

Project("{9E4DFFC0-42F1-4FE6-8BFE-911C43481915}") = "ssvrpublic", "Assembly-CSharp.csproj", "{B2C05CBF-702F-7726-48E3-527F052194CF}"
EndProject
Project("{9E4DFFC0-42F1-4FE6-8BFE-911C43481915}") = "ssvrpublic", "Assembly-CSharp-Editor.csproj", "{2FA932E1-0EBB-3E0E-FE85-1A461C44DD52}"
EndProject
Global
	GlobalSection(SolutionConfigurationPlatforms) = preSolution
		Debug|Any CPU = Debug|Any CPU
		Release|Any CPU = Release|Any CPU
	EndGlobalSection
	GlobalSection(ProjectConfigurationPlatforms) = postSolution
		{B2C05CBF-702F-7726-48E3-527F052194CF}.Debug|Any CPU.ActiveCfg = Debug|Any CPU
		{B2C05CBF-702F-7726-48E3-527F052194CF}.Debug|Any CPU.Build.0 = Debug|Any CPU
		{B2C05CBF-702F-7726-48E3-527F052194CF}.Release|Any CPU.ActiveCfg = Release|Any CPU
		{B2C05CBF-702F-7726-48E3-527F052194CF}.Release|Any CPU.Build.0 = Release|Any CPU
		{2FA932E1-0EBB-3E0E-FE85-1A461C44DD52}.Debug|Any CPU.ActiveCfg = Debug|Any CPU
		{2FA932E1-0EBB-3E0E-FE85-1A461C44DD52}.Debug|Any CPU.Build.0 = Debug|Any CPU
		{2FA932E1-0EBB-3E0E-FE85-1A461C44DD52}.Release|Any CPU.ActiveCfg = Release|Any CPU
		{2FA932E1-0EBB-3E0E-FE85-1A461C44DD52}.Release|Any CPU.Build.0 = Release|Any CPU
	EndGlobalSection
	GlobalSection(SolutionProperties) = preSolution
		HideSolutionNode = FALSE
	EndGlobalSection
	GlobalSection(MonoDevelopProperties) = preSolution
		StartupItem = Assembly-CSharp.csproj
	EndGlobalSection
EndGlobal
